
Microsoft Visual Studio Solution File, Format Version 12.00
# Visual Studio Version 17
VisualStudioVersion = 17.6.33717.318
MinimumVisualStudioVersion = 10.0.40219.1
Project("{FAE04EC0-301F-11D3-BF4B-00C04F79EFBC}") = "GalleryAPI", "GalleryAPI.csproj", "{179A16DC-74AF-4668-A2AC-3175B6E129E9}"
EndProject
Global
	GlobalSection(SolutionConfigurationPlatforms) = preSolution
		Debug|Any CPU = Debug|Any CPU
		Release|Any CPU = Release|Any CPU
	EndGlobalSection
	GlobalSection(ProjectConfigurationPlatforms) = postSolution
		{179A16DC-74AF-4668-A2AC-3175B6E129E9}.Debug|Any CPU.ActiveCfg = Debug|Any CPU
		{179A16DC-74AF-4668-A2AC-3175B6E129E9}.Debug|Any CPU.Build.0 = Debug|Any CPU
		{179A16DC-74AF-4668-A2AC-3175B6E129E9}.Release|Any CPU.ActiveCfg = Release|Any CPU
		{179A16DC-74AF-4668-A2AC-3175B6E129E9}.Release|Any CPU.Build.0 = Release|Any CPU
	EndGlobalSection
	GlobalSection(SolutionProperties) = preSolution
		HideSolutionNode = FALSE
	EndGlobalSection
	GlobalSection(ExtensibilityGlobals) = postSolution
		SolutionGuid = {7053BD43-8593-4B9D-9EEB-0CFCB6E728EE}
	EndGlobalSection
EndGlobal
